
Microsoft Visual Studio Solution File, Format Version 12.00
# Visual Studio 15
VisualStudioVersion = 15.0.28010.2003
MinimumVisualStudioVersion = 10.0.40219.1
Project("{FAE04EC0-301F-11D3-BF4B-00C04F79EFBC}") = "ARCore", "ARCore\ARCore.csproj", "{EAD6C3AD-4BD7-4A8F-9ED6-E84FF97B97E5}"
EndProject
Project("{FAE04EC0-301F-11D3-BF4B-00C04F79EFBC}") = "InvoiceIt", "InvoiceIt\InvoiceIt.csproj", "{48FBA9CB-576B-456A-A773-5B47127FCFFD}"
EndProject
Project("{FAE04EC0-301F-11D3-BF4B-00C04F79EFBC}") = "JavaGL", "JavaGL\JavaGL.csproj", "{4E45263D-F6A0-42F7-8380-6C1CB5B707C1}"
EndProject
Global
	GlobalSection(SolutionConfigurationPlatforms) = preSolution
		Debug|Any CPU = Debug|Any CPU
		Release|Any CPU = Release|Any CPU
	EndGlobalSection
	GlobalSection(ProjectConfigurationPlatforms) = postSolution
		{EAD6C3AD-4BD7-4A8F-9ED6-E84FF97B97E5}.Debug|Any CPU.ActiveCfg = Debug|Any CPU
		{EAD6C3AD-4BD7-4A8F-9ED6-E84FF97B97E5}.Debug|Any CPU.Build.0 = Debug|Any CPU
		{EAD6C3AD-4BD7-4A8F-9ED6-E84FF97B97E5}.Release|Any CPU.ActiveCfg = Release|Any CPU
		{EAD6C3AD-4BD7-4A8F-9ED6-E84FF97B97E5}.Release|Any CPU.Build.0 = Release|Any CPU
		{48FBA9CB-576B-456A-A773-5B47127FCFFD}.Debug|Any CPU.ActiveCfg = Debug|Any CPU
		{48FBA9CB-576B-456A-A773-5B47127FCFFD}.Debug|Any CPU.Build.0 = Debug|Any CPU
		{48FBA9CB-576B-456A-A773-5B47127FCFFD}.Debug|Any CPU.Deploy.0 = Debug|Any CPU
		{48FBA9CB-576B-456A-A773-5B47127FCFFD}.Release|Any CPU.ActiveCfg = Release|Any CPU
		{48FBA9CB-576B-456A-A773-5B47127FCFFD}.Release|Any CPU.Build.0 = Release|Any CPU
		{48FBA9CB-576B-456A-A773-5B47127FCFFD}.Release|Any CPU.Deploy.0 = Release|Any CPU
		{4E45263D-F6A0-42F7-8380-6C1CB5B707C1}.Debug|Any CPU.ActiveCfg = Debug|Any CPU
		{4E45263D-F6A0-42F7-8380-6C1CB5B707C1}.Debug|Any CPU.Build.0 = Debug|Any CPU
		{4E45263D-F6A0-42F7-8380-6C1CB5B707C1}.Release|Any CPU.ActiveCfg = Release|Any CPU
		{4E45263D-F6A0-42F7-8380-6C1CB5B707C1}.Release|Any CPU.Build.0 = Release|Any CPU
	EndGlobalSection
	GlobalSection(SolutionProperties) = preSolution
		HideSolutionNode = FALSE
	EndGlobalSection
	GlobalSection(ExtensibilityGlobals) = postSolution
		SolutionGuid = {F1E9C04E-860B-4CD4-91D8-7D852271EDB8}
	EndGlobalSection
EndGlobal
