
Microsoft Visual Studio Solution File, Format Version 12.00
# Visual Studio 15
VisualStudioVersion = 15.0.28010.2003
MinimumVisualStudioVersion = 10.0.40219.1
Project("{FAE04EC0-301F-11D3-BF4B-00C04F79EFBC}") = "ARCore", "ARCore\ARCore.csproj", "{EAD6C3AD-4BD7-4A8F-9ED6-E84FF97B97E5}"
EndProject
Project("{FAE04EC0-301F-11D3-BF4B-00C04F79EFBC}") = "InvoiceIt", "InvoiceIt\InvoiceIt.csproj", "{48FBA9CB-576B-456A-A773-5B47127FCFFD}"
EndProject
Project("{FAE04EC0-301F-11D3-BF4B-00C04F79EFBC}") = "JavaGL", "JavaGL\JavaGL.csproj", "{4E45263D-F6A0-42F7-8380-6C1CB5B707C1}"
EndProject
Project("{FAE04EC0-301F-11D3-BF4B-00C04F79EFBC}") = "Google.ARSceneform", "Sceneform\Google.ARSceneform\Google.ARSceneform.csproj", "{AF2C447C-0A1E-4E6D-99CB-193C7C9AAD4D}"
EndProject
Project("{FAE04EC0-301F-11D3-BF4B-00C04F79EFBC}") = "Google.ARSceneform.Base", "Sceneform\Google.ARSceneform.Base\Google.ARSceneform.Base.csproj", "{96107AF3-F111-4839-B855-30ACE4635F52}"
EndProject
Project("{FAE04EC0-301F-11D3-BF4B-00C04F79EFBC}") = "Google.ARSceneform.FilamentAndroid", "Sceneform\Google.ARSceneform.FilamentAndroid\Google.ARSceneform.FilamentAndroid.csproj", "{0925A8A5-D3DC-496A-8177-C67FF787A848}"
EndProject
Project("{FAE04EC0-301F-11D3-BF4B-00C04F79EFBC}") = "Google.ARSceneform.Plugin", "Sceneform\Google.ARSceneform.Plugin\Google.ARSceneform.Plugin.csproj", "{34AFEA96-9F54-4DAA-B5EF-ECDC67BB47B3}"
EndProject
Project("{FAE04EC0-301F-11D3-BF4B-00C04F79EFBC}") = "Google.ARSceneform.Rendering", "Sceneform\Google.ARSceneform.Rendering\Google.ARSceneform.Rendering.csproj", "{8B00ABAD-9D8E-4613-88B5-67B1B9F41823}"
EndProject
Project("{FAE04EC0-301F-11D3-BF4B-00C04F79EFBC}") = "Google.ARSceneform.UX", "Sceneform\Google.ARSceneform.UX\Google.ARSceneform.UX.csproj", "{2F060114-61B6-4955-9C08-0CE5C841D852}"
EndProject
Project("{FAE04EC0-301F-11D3-BF4B-00C04F79EFBC}") = "Sceneform", "Sceneform\Sceneform\Sceneform.csproj", "{EE4F060B-95F9-49F7-80BE-920CB1015767}"
EndProject
Global
	GlobalSection(SolutionConfigurationPlatforms) = preSolution
		Debug|Any CPU = Debug|Any CPU
		Release|Any CPU = Release|Any CPU
	EndGlobalSection
	GlobalSection(ProjectConfigurationPlatforms) = postSolution
		{EAD6C3AD-4BD7-4A8F-9ED6-E84FF97B97E5}.Debug|Any CPU.ActiveCfg = Debug|Any CPU
		{EAD6C3AD-4BD7-4A8F-9ED6-E84FF97B97E5}.Debug|Any CPU.Build.0 = Debug|Any CPU
		{EAD6C3AD-4BD7-4A8F-9ED6-E84FF97B97E5}.Release|Any CPU.ActiveCfg = Release|Any CPU
		{EAD6C3AD-4BD7-4A8F-9ED6-E84FF97B97E5}.Release|Any CPU.Build.0 = Release|Any CPU
		{48FBA9CB-576B-456A-A773-5B47127FCFFD}.Debug|Any CPU.ActiveCfg = Debug|Any CPU
		{48FBA9CB-576B-456A-A773-5B47127FCFFD}.Debug|Any CPU.Build.0 = Debug|Any CPU
		{48FBA9CB-576B-456A-A773-5B47127FCFFD}.Debug|Any CPU.Deploy.0 = Debug|Any CPU
		{48FBA9CB-576B-456A-A773-5B47127FCFFD}.Release|Any CPU.ActiveCfg = Release|Any CPU
		{48FBA9CB-576B-456A-A773-5B47127FCFFD}.Release|Any CPU.Build.0 = Release|Any CPU
		{48FBA9CB-576B-456A-A773-5B47127FCFFD}.Release|Any CPU.Deploy.0 = Release|Any CPU
		{4E45263D-F6A0-42F7-8380-6C1CB5B707C1}.Debug|Any CPU.ActiveCfg = Debug|Any CPU
		{4E45263D-F6A0-42F7-8380-6C1CB5B707C1}.Debug|Any CPU.Build.0 = Debug|Any CPU
		{4E45263D-F6A0-42F7-8380-6C1CB5B707C1}.Release|Any CPU.ActiveCfg = Release|Any CPU
		{4E45263D-F6A0-42F7-8380-6C1CB5B707C1}.Release|Any CPU.Build.0 = Release|Any CPU
		{AF2C447C-0A1E-4E6D-99CB-193C7C9AAD4D}.Debug|Any CPU.ActiveCfg = Debug|Any CPU
		{AF2C447C-0A1E-4E6D-99CB-193C7C9AAD4D}.Debug|Any CPU.Build.0 = Debug|Any CPU
		{AF2C447C-0A1E-4E6D-99CB-193C7C9AAD4D}.Release|Any CPU.ActiveCfg = Release|Any CPU
		{AF2C447C-0A1E-4E6D-99CB-193C7C9AAD4D}.Release|Any CPU.Build.0 = Release|Any CPU
		{96107AF3-F111-4839-B855-30ACE4635F52}.Debug|Any CPU.ActiveCfg = Debug|Any CPU
		{96107AF3-F111-4839-B855-30ACE4635F52}.Debug|Any CPU.Build.0 = Debug|Any CPU
		{96107AF3-F111-4839-B855-30ACE4635F52}.Release|Any CPU.ActiveCfg = Release|Any CPU
		{96107AF3-F111-4839-B855-30ACE4635F52}.Release|Any CPU.Build.0 = Release|Any CPU
		{0925A8A5-D3DC-496A-8177-C67FF787A848}.Debug|Any CPU.ActiveCfg = Debug|Any CPU
		{0925A8A5-D3DC-496A-8177-C67FF787A848}.Debug|Any CPU.Build.0 = Debug|Any CPU
		{0925A8A5-D3DC-496A-8177-C67FF787A848}.Release|Any CPU.ActiveCfg = Release|Any CPU
		{0925A8A5-D3DC-496A-8177-C67FF787A848}.Release|Any CPU.Build.0 = Release|Any CPU
		{34AFEA96-9F54-4DAA-B5EF-ECDC67BB47B3}.Debug|Any CPU.ActiveCfg = Debug|Any CPU
		{34AFEA96-9F54-4DAA-B5EF-ECDC67BB47B3}.Debug|Any CPU.Build.0 = Debug|Any CPU
		{34AFEA96-9F54-4DAA-B5EF-ECDC67BB47B3}.Release|Any CPU.ActiveCfg = Release|Any CPU
		{34AFEA96-9F54-4DAA-B5EF-ECDC67BB47B3}.Release|Any CPU.Build.0 = Release|Any CPU
		{8B00ABAD-9D8E-4613-88B5-67B1B9F41823}.Debug|Any CPU.ActiveCfg = Debug|Any CPU
		{8B00ABAD-9D8E-4613-88B5-67B1B9F41823}.Debug|Any CPU.Build.0 = Debug|Any CPU
		{8B00ABAD-9D8E-4613-88B5-67B1B9F41823}.Release|Any CPU.ActiveCfg = Release|Any CPU
		{8B00ABAD-9D8E-4613-88B5-67B1B9F41823}.Release|Any CPU.Build.0 = Release|Any CPU
		{2F060114-61B6-4955-9C08-0CE5C841D852}.Debug|Any CPU.ActiveCfg = Debug|Any CPU
		{2F060114-61B6-4955-9C08-0CE5C841D852}.Debug|Any CPU.Build.0 = Debug|Any CPU
		{2F060114-61B6-4955-9C08-0CE5C841D852}.Release|Any CPU.ActiveCfg = Release|Any CPU
		{2F060114-61B6-4955-9C08-0CE5C841D852}.Release|Any CPU.Build.0 = Release|Any CPU
		{EE4F060B-95F9-49F7-80BE-920CB1015767}.Debug|Any CPU.ActiveCfg = Debug|Any CPU
		{EE4F060B-95F9-49F7-80BE-920CB1015767}.Debug|Any CPU.Build.0 = Debug|Any CPU
		{EE4F060B-95F9-49F7-80BE-920CB1015767}.Release|Any CPU.ActiveCfg = Release|Any CPU
		{EE4F060B-95F9-49F7-80BE-920CB1015767}.Release|Any CPU.Build.0 = Release|Any CPU
	EndGlobalSection
	GlobalSection(SolutionProperties) = preSolution
		HideSolutionNode = FALSE
	EndGlobalSection
	GlobalSection(ExtensibilityGlobals) = postSolution
		SolutionGuid = {F1E9C04E-860B-4CD4-91D8-7D852271EDB8}
	EndGlobalSection
EndGlobal
